
Microsoft Visual Studio Solution File, Format Version 12.00
# Visual Studio 15
VisualStudioVersion = 15.0.27130.2026
MinimumVisualStudioVersion = 10.0.40219.1
Project("{FAE04EC0-301F-11D3-BF4B-00C04F79EFBC}") = "StoryStudio", "StoryStudio\StoryStudio.csproj", "{42F3E4C2-801A-4A61-BDA4-A7DE0AF5373F}"
EndProject
Global
	GlobalSection(SolutionConfigurationPlatforms) = preSolution
		Debug|Any CPU = Debug|Any CPU
		Release|Any CPU = Release|Any CPU
	EndGlobalSection
	GlobalSection(ProjectConfigurationPlatforms) = postSolution
		{42F3E4C2-801A-4A61-BDA4-A7DE0AF5373F}.Debug|Any CPU.ActiveCfg = Debug|Any CPU
		{42F3E4C2-801A-4A61-BDA4-A7DE0AF5373F}.Debug|Any CPU.Build.0 = Debug|Any CPU
		{42F3E4C2-801A-4A61-BDA4-A7DE0AF5373F}.Release|Any CPU.ActiveCfg = Release|Any CPU
		{42F3E4C2-801A-4A61-BDA4-A7DE0AF5373F}.Release|Any CPU.Build.0 = Release|Any CPU
	EndGlobalSection
	GlobalSection(SolutionProperties) = preSolution
		HideSolutionNode = FALSE
	EndGlobalSection
	GlobalSection(ExtensibilityGlobals) = postSolution
		SolutionGuid = {D39CA4CD-6479-4A26-A192-322B489288E3}
	EndGlobalSection
EndGlobal
