
Microsoft Visual Studio Solution File, Format Version 12.00
# Visual Studio 15
VisualStudioVersion = 15.0.27130.2036
MinimumVisualStudioVersion = 10.0.40219.1
Project("{FAE04EC0-301F-11D3-BF4B-00C04F79EFBC}") = "StudioStory", "StudioStory\StudioStory.csproj", "{D8A38C39-F612-4A88-95FF-D13CD0FF8A9F}"
EndProject
Project("{FAE04EC0-301F-11D3-BF4B-00C04F79EFBC}") = "ISSBase", "SSBase\ISSBase.csproj", "{C5E0AFC7-BC71-4621-BF29-E30FA06A2BD5}"
EndProject
Project("{FAE04EC0-301F-11D3-BF4B-00C04F79EFBC}") = "BaseTypeEnum", "BaseTypeEnum\BaseTypeEnum.csproj", "{337E92F4-FA82-4519-B488-8E73E80B56DE}"
EndProject
Project("{FAE04EC0-301F-11D3-BF4B-00C04F79EFBC}") = "IController", "IController\IController.csproj", "{A6624BE9-0858-424B-9611-55D62BB3AC13}"
EndProject
Project("{FAE04EC0-301F-11D3-BF4B-00C04F79EFBC}") = "ISSCommand", "ISSCommand\ISSCommand.csproj", "{A886CB65-6727-4BC4-B567-9CEE0B765608}"
EndProject
Project("{FAE04EC0-301F-11D3-BF4B-00C04F79EFBC}") = "ISSDataOper", "ISSDataOper\ISSDataOper.csproj", "{75E262A8-C3E3-4141-BECB-2599EE9CEB53}"
EndProject
Project("{FAE04EC0-301F-11D3-BF4B-00C04F79EFBC}") = "IIOOper", "IIOOper\IIOOper.csproj", "{E7B0DA8B-4396-4BD4-BA76-0A663EC1FDF8}"
EndProject
Project("{FAE04EC0-301F-11D3-BF4B-00C04F79EFBC}") = "DocOper", "DocOper\DocOper.csproj", "{8BF51BBA-6101-4556-AE0B-7D2D911D33B7}"
EndProject
Project("{FAE04EC0-301F-11D3-BF4B-00C04F79EFBC}") = "IReadWrite", "IReadWrite\IReadWrite.csproj", "{883E773A-7795-4C89-BC1B-1EB05071DFF3}"
EndProject
Project("{2150E333-8FDC-42A3-9474-1A3956D46DE8}") = "IOFolder", "IOFolder", "{D11C0CA6-1E79-4446-B3E3-FE6D682AAA69}"
EndProject
Project("{2150E333-8FDC-42A3-9474-1A3956D46DE8}") = "CommandFolder", "CommandFolder", "{A2F90644-E6D2-4F27-A1DE-A236073045A4}"
EndProject
Project("{2150E333-8FDC-42A3-9474-1A3956D46DE8}") = "DataFolder", "DataFolder", "{662D14B9-8523-41CA-ACC5-EC679B3F00D8}"
EndProject
Project("{2150E333-8FDC-42A3-9474-1A3956D46DE8}") = "EnumFolder", "EnumFolder", "{09D2F375-F946-4051-947D-073B8117EC6C}"
EndProject
Project("{FAE04EC0-301F-11D3-BF4B-00C04F79EFBC}") = "NodeBase", "NodeBase\NodeBase.csproj", "{BEDD5D0A-28C5-4FD9-902C-8EF241F48D3B}"
EndProject
Project("{FAE04EC0-301F-11D3-BF4B-00C04F79EFBC}") = "IPanelBase", "IPanelBase\IPanelBase.csproj", "{F8085D51-BC3C-44A5-8BAB-232C83E51942}"
EndProject
Project("{2150E333-8FDC-42A3-9474-1A3956D46DE8}") = "UIElementFolder", "UIElementFolder", "{C7F92D5C-EA9B-4E93-9179-648BAA9F9674}"
EndProject
Project("{FAE04EC0-301F-11D3-BF4B-00C04F79EFBC}") = "Menu", "Menu\Menu.csproj", "{6109C726-96EA-47E3-A3B1-871DB0A4B98B}"
EndProject
Project("{FAE04EC0-301F-11D3-BF4B-00C04F79EFBC}") = "IPluginManager", "IPluginManager\IPluginManager.csproj", "{439FF116-E4A2-4C6D-B255-9A90F157C90F}"
EndProject
Project("{FAE04EC0-301F-11D3-BF4B-00C04F79EFBC}") = "MenuPluginManager", "MenuPluginManager\MenuPluginManager.csproj", "{436F105E-0FF9-4960-94B2-AF339C3EDDF9}"
EndProject
Project("{FAE04EC0-301F-11D3-BF4B-00C04F79EFBC}") = "IUsableData", "IUsableData\IUsableData.csproj", "{E351724B-B1F8-4B38-B6F5-C9EEBEB1C198}"
EndProject
Project("{FAE04EC0-301F-11D3-BF4B-00C04F79EFBC}") = "PanelPluginManager", "PanelPluginManager\PanelPluginManager.csproj", "{22D4E608-B818-4DB4-9C80-0E22A41C48F0}"
EndProject
Project("{FAE04EC0-301F-11D3-BF4B-00C04F79EFBC}") = "NodePluginManager", "NodePluginManager\NodePluginManager.csproj", "{F566EFD2-B5A5-42D3-9AA5-89C4685C1DFC}"
EndProject
Project("{2150E333-8FDC-42A3-9474-1A3956D46DE8}") = "PluginManagerFolder", "PluginManagerFolder", "{9305A0CF-18DD-4DBA-960F-D5E18D2E4683}"
EndProject
Project("{FAE04EC0-301F-11D3-BF4B-00C04F79EFBC}") = "WindowMenu", "WindowMenu\WindowMenu.csproj", "{60FB03D5-4C63-4446-90D8-004AA983FBCA}"
EndProject
Project("{FAE04EC0-301F-11D3-BF4B-00C04F79EFBC}") = "IFillMenuUI", "IFillMenuUI\IFillMenuUI.csproj", "{6265F75D-CC68-48E8-A73E-EE82AF3B98DC}"
EndProject
Project("{2150E333-8FDC-42A3-9474-1A3956D46DE8}") = "FillUIFolder", "FillUIFolder", "{3CD3CD93-4300-4E07-A18E-F241DCBD3301}"
EndProject
Project("{FAE04EC0-301F-11D3-BF4B-00C04F79EFBC}") = "HelpMenu", "HelpMenu\HelpMenu.csproj", "{CBB278D8-0355-4C13-839B-38069731992E}"
EndProject
Project("{FAE04EC0-301F-11D3-BF4B-00C04F79EFBC}") = "NodesMenu", "NodesMenu\NodesMenu.csproj", "{E11D0441-32DC-4098-8BD5-7BF6D8EC3586}"
EndProject
Project("{FAE04EC0-301F-11D3-BF4B-00C04F79EFBC}") = "EditMenu", "EditMenu\EditMenu.csproj", "{04DA3647-B7C8-4B23-BB77-7C0A68A1A299}"
EndProject
Project("{FAE04EC0-301F-11D3-BF4B-00C04F79EFBC}") = "FileMenu", "FileMenu\FileMenu.csproj", "{B6B490A0-007E-4279-8E4B-D5DA71CCAC68}"
EndProject
Project("{2150E333-8FDC-42A3-9474-1A3956D46DE8}") = "MenusFolder", "MenusFolder", "{BDDD9DB7-9361-440D-A608-CADACA42211A}"
EndProject
Project("{FAE04EC0-301F-11D3-BF4B-00C04F79EFBC}") = "MefExport", "MefExport\MefExport.csproj", "{24BB0335-5A8C-418F-88C9-0761F3A7CAA3}"
EndProject
Project("{FAE04EC0-301F-11D3-BF4B-00C04F79EFBC}") = "NodePanel", "NodePanel\NodePanel.csproj", "{5329345A-C02C-4E03-BCEE-5C2FC2300B9A}"
EndProject
Project("{FAE04EC0-301F-11D3-BF4B-00C04F79EFBC}") = "CCPropertyPanel", "CCPropertyPanel\CCPropertyPanel.csproj", "{CD563557-D912-44BF-BE6E-0A97390950AC}"
EndProject
Project("{FAE04EC0-301F-11D3-BF4B-00C04F79EFBC}") = "EventPropertyPanel", "EventPropertyPanel\EventPropertyPanel.csproj", "{ADC2330C-7303-4C8C-8969-2A29BF57C10B}"
EndProject
Project("{FAE04EC0-301F-11D3-BF4B-00C04F79EFBC}") = "NodeListPanel", "NodeListPanel\NodeListPanel.csproj", "{BB2B8873-C3FA-4AEE-87D1-2392E6DF2C28}"
EndProject
Project("{FAE04EC0-301F-11D3-BF4B-00C04F79EFBC}") = "StoryBoardPanel", "StoryBoard\StoryBoardPanel.csproj", "{A2E2972C-A0C8-4288-B400-94568BCEB6A7}"
EndProject
Project("{2150E333-8FDC-42A3-9474-1A3956D46DE8}") = "PanelsUIBaseFolder", "PanelsUIBaseFolder", "{F4621C15-39A1-46EB-A903-987B74D433A4}"
EndProject
Project("{FAE04EC0-301F-11D3-BF4B-00C04F79EFBC}") = "IFillPanelUI", "IFillPanelUI\IFillPanelUI.csproj", "{9648C388-FA30-406D-881E-E55A9BBA791E}"
EndProject
Project("{FAE04EC0-301F-11D3-BF4B-00C04F79EFBC}") = "IPanelContainer", "IPanelContainer\IPanelContainer.csproj", "{4E7F8069-2EB6-4898-8C1D-BD569DC48A05}"
EndProject
Project("{2150E333-8FDC-42A3-9474-1A3956D46DE8}") = "PanleUIFillFolder", "PanleUIFillFolder", "{3A8CF361-DB5F-48AD-A127-F42DD3EF2D32}"
EndProject
Project("{FAE04EC0-301F-11D3-BF4B-00C04F79EFBC}") = "DefaultPanelSets", "DefaultPanelSets\DefaultPanelSets.csproj", "{149D5D48-0DF2-4C30-B4B4-F0D1E7C72D81}"
EndProject
Project("{FAE04EC0-301F-11D3-BF4B-00C04F79EFBC}") = "PropertyContainer", "PorpertyContainer\PropertyContainer.csproj", "{1AEFA507-C543-4876-A28F-64EC717DD0C7}"
EndProject
Project("{FAE04EC0-301F-11D3-BF4B-00C04F79EFBC}") = "CmdPanel", "CmdPanel\CmdPanel.csproj", "{CC810D6B-6C57-4018-9344-70764932502B}"
EndProject
Project("{2150E333-8FDC-42A3-9474-1A3956D46DE8}") = "NodesFolder", "NodesFolder", "{7BFD843F-28CE-4FAB-A9D3-B53F8756F430}"
EndProject
Project("{FAE04EC0-301F-11D3-BF4B-00C04F79EFBC}") = "StoryNodes", "StoryStartNode\StoryNodes.csproj", "{AEAE898E-1167-4BD8-B419-2ABDA62106B1}"
EndProject
Project("{FAE04EC0-301F-11D3-BF4B-00C04F79EFBC}") = "IFillNode", "IFillNode\IFillNode.csproj", "{40351DD5-1DAD-4543-906A-EE8664CAAFE5}"
EndProject
Project("{FAE04EC0-301F-11D3-BF4B-00C04F79EFBC}") = "GlobalTracker", "GlobalTracker\GlobalTracker.csproj", "{802AEC58-DB62-4352-99B2-1B5A7CDF9120}"
EndProject
Project("{FAE04EC0-301F-11D3-BF4B-00C04F79EFBC}") = "IJoinGlobalTracker", "IJoinGlobalTracker\IJoinGlobalTracker.csproj", "{F10979C6-5553-4985-BF0D-EEFE23E391D2}"
EndProject
Global
	GlobalSection(SolutionConfigurationPlatforms) = preSolution
		Debug|Any CPU = Debug|Any CPU
		Release|Any CPU = Release|Any CPU
	EndGlobalSection
	GlobalSection(ProjectConfigurationPlatforms) = postSolution
		{D8A38C39-F612-4A88-95FF-D13CD0FF8A9F}.Debug|Any CPU.ActiveCfg = Debug|Any CPU
		{D8A38C39-F612-4A88-95FF-D13CD0FF8A9F}.Debug|Any CPU.Build.0 = Debug|Any CPU
		{D8A38C39-F612-4A88-95FF-D13CD0FF8A9F}.Release|Any CPU.ActiveCfg = Release|Any CPU
		{D8A38C39-F612-4A88-95FF-D13CD0FF8A9F}.Release|Any CPU.Build.0 = Release|Any CPU
		{C5E0AFC7-BC71-4621-BF29-E30FA06A2BD5}.Debug|Any CPU.ActiveCfg = Debug|Any CPU
		{C5E0AFC7-BC71-4621-BF29-E30FA06A2BD5}.Debug|Any CPU.Build.0 = Debug|Any CPU
		{C5E0AFC7-BC71-4621-BF29-E30FA06A2BD5}.Release|Any CPU.ActiveCfg = Release|Any CPU
		{C5E0AFC7-BC71-4621-BF29-E30FA06A2BD5}.Release|Any CPU.Build.0 = Release|Any CPU
		{337E92F4-FA82-4519-B488-8E73E80B56DE}.Debug|Any CPU.ActiveCfg = Debug|Any CPU
		{337E92F4-FA82-4519-B488-8E73E80B56DE}.Debug|Any CPU.Build.0 = Debug|Any CPU
		{337E92F4-FA82-4519-B488-8E73E80B56DE}.Release|Any CPU.ActiveCfg = Release|Any CPU
		{337E92F4-FA82-4519-B488-8E73E80B56DE}.Release|Any CPU.Build.0 = Release|Any CPU
		{A6624BE9-0858-424B-9611-55D62BB3AC13}.Debug|Any CPU.ActiveCfg = Debug|Any CPU
		{A6624BE9-0858-424B-9611-55D62BB3AC13}.Debug|Any CPU.Build.0 = Debug|Any CPU
		{A6624BE9-0858-424B-9611-55D62BB3AC13}.Release|Any CPU.ActiveCfg = Release|Any CPU
		{A6624BE9-0858-424B-9611-55D62BB3AC13}.Release|Any CPU.Build.0 = Release|Any CPU
		{A886CB65-6727-4BC4-B567-9CEE0B765608}.Debug|Any CPU.ActiveCfg = Debug|Any CPU
		{A886CB65-6727-4BC4-B567-9CEE0B765608}.Debug|Any CPU.Build.0 = Debug|Any CPU
		{A886CB65-6727-4BC4-B567-9CEE0B765608}.Release|Any CPU.ActiveCfg = Release|Any CPU
		{A886CB65-6727-4BC4-B567-9CEE0B765608}.Release|Any CPU.Build.0 = Release|Any CPU
		{75E262A8-C3E3-4141-BECB-2599EE9CEB53}.Debug|Any CPU.ActiveCfg = Debug|Any CPU
		{75E262A8-C3E3-4141-BECB-2599EE9CEB53}.Debug|Any CPU.Build.0 = Debug|Any CPU
		{75E262A8-C3E3-4141-BECB-2599EE9CEB53}.Release|Any CPU.ActiveCfg = Release|Any CPU
		{75E262A8-C3E3-4141-BECB-2599EE9CEB53}.Release|Any CPU.Build.0 = Release|Any CPU
		{E7B0DA8B-4396-4BD4-BA76-0A663EC1FDF8}.Debug|Any CPU.ActiveCfg = Debug|Any CPU
		{E7B0DA8B-4396-4BD4-BA76-0A663EC1FDF8}.Debug|Any CPU.Build.0 = Debug|Any CPU
		{E7B0DA8B-4396-4BD4-BA76-0A663EC1FDF8}.Release|Any CPU.ActiveCfg = Release|Any CPU
		{E7B0DA8B-4396-4BD4-BA76-0A663EC1FDF8}.Release|Any CPU.Build.0 = Release|Any CPU
		{8BF51BBA-6101-4556-AE0B-7D2D911D33B7}.Debug|Any CPU.ActiveCfg = Debug|Any CPU
		{8BF51BBA-6101-4556-AE0B-7D2D911D33B7}.Debug|Any CPU.Build.0 = Debug|Any CPU
		{8BF51BBA-6101-4556-AE0B-7D2D911D33B7}.Release|Any CPU.ActiveCfg = Release|Any CPU
		{8BF51BBA-6101-4556-AE0B-7D2D911D33B7}.Release|Any CPU.Build.0 = Release|Any CPU
		{883E773A-7795-4C89-BC1B-1EB05071DFF3}.Debug|Any CPU.ActiveCfg = Debug|Any CPU
		{883E773A-7795-4C89-BC1B-1EB05071DFF3}.Debug|Any CPU.Build.0 = Debug|Any CPU
		{883E773A-7795-4C89-BC1B-1EB05071DFF3}.Release|Any CPU.ActiveCfg = Release|Any CPU
		{883E773A-7795-4C89-BC1B-1EB05071DFF3}.Release|Any CPU.Build.0 = Release|Any CPU
		{BEDD5D0A-28C5-4FD9-902C-8EF241F48D3B}.Debug|Any CPU.ActiveCfg = Debug|Any CPU
		{BEDD5D0A-28C5-4FD9-902C-8EF241F48D3B}.Debug|Any CPU.Build.0 = Debug|Any CPU
		{BEDD5D0A-28C5-4FD9-902C-8EF241F48D3B}.Release|Any CPU.ActiveCfg = Release|Any CPU
		{BEDD5D0A-28C5-4FD9-902C-8EF241F48D3B}.Release|Any CPU.Build.0 = Release|Any CPU
		{F8085D51-BC3C-44A5-8BAB-232C83E51942}.Debug|Any CPU.ActiveCfg = Debug|Any CPU
		{F8085D51-BC3C-44A5-8BAB-232C83E51942}.Debug|Any CPU.Build.0 = Debug|Any CPU
		{F8085D51-BC3C-44A5-8BAB-232C83E51942}.Release|Any CPU.ActiveCfg = Release|Any CPU
		{F8085D51-BC3C-44A5-8BAB-232C83E51942}.Release|Any CPU.Build.0 = Release|Any CPU
		{6109C726-96EA-47E3-A3B1-871DB0A4B98B}.Debug|Any CPU.ActiveCfg = Debug|Any CPU
		{6109C726-96EA-47E3-A3B1-871DB0A4B98B}.Debug|Any CPU.Build.0 = Debug|Any CPU
		{6109C726-96EA-47E3-A3B1-871DB0A4B98B}.Release|Any CPU.ActiveCfg = Release|Any CPU
		{6109C726-96EA-47E3-A3B1-871DB0A4B98B}.Release|Any CPU.Build.0 = Release|Any CPU
		{439FF116-E4A2-4C6D-B255-9A90F157C90F}.Debug|Any CPU.ActiveCfg = Debug|Any CPU
		{439FF116-E4A2-4C6D-B255-9A90F157C90F}.Debug|Any CPU.Build.0 = Debug|Any CPU
		{439FF116-E4A2-4C6D-B255-9A90F157C90F}.Release|Any CPU.ActiveCfg = Release|Any CPU
		{439FF116-E4A2-4C6D-B255-9A90F157C90F}.Release|Any CPU.Build.0 = Release|Any CPU
		{436F105E-0FF9-4960-94B2-AF339C3EDDF9}.Debug|Any CPU.ActiveCfg = Debug|Any CPU
		{436F105E-0FF9-4960-94B2-AF339C3EDDF9}.Debug|Any CPU.Build.0 = Debug|Any CPU
		{436F105E-0FF9-4960-94B2-AF339C3EDDF9}.Release|Any CPU.ActiveCfg = Release|Any CPU
		{436F105E-0FF9-4960-94B2-AF339C3EDDF9}.Release|Any CPU.Build.0 = Release|Any CPU
		{E351724B-B1F8-4B38-B6F5-C9EEBEB1C198}.Debug|Any CPU.ActiveCfg = Debug|Any CPU
		{E351724B-B1F8-4B38-B6F5-C9EEBEB1C198}.Debug|Any CPU.Build.0 = Debug|Any CPU
		{E351724B-B1F8-4B38-B6F5-C9EEBEB1C198}.Release|Any CPU.ActiveCfg = Release|Any CPU
		{E351724B-B1F8-4B38-B6F5-C9EEBEB1C198}.Release|Any CPU.Build.0 = Release|Any CPU
		{22D4E608-B818-4DB4-9C80-0E22A41C48F0}.Debug|Any CPU.ActiveCfg = Debug|Any CPU
		{22D4E608-B818-4DB4-9C80-0E22A41C48F0}.Debug|Any CPU.Build.0 = Debug|Any CPU
		{22D4E608-B818-4DB4-9C80-0E22A41C48F0}.Release|Any CPU.ActiveCfg = Release|Any CPU
		{22D4E608-B818-4DB4-9C80-0E22A41C48F0}.Release|Any CPU.Build.0 = Release|Any CPU
		{F566EFD2-B5A5-42D3-9AA5-89C4685C1DFC}.Debug|Any CPU.ActiveCfg = Debug|Any CPU
		{F566EFD2-B5A5-42D3-9AA5-89C4685C1DFC}.Debug|Any CPU.Build.0 = Debug|Any CPU
		{F566EFD2-B5A5-42D3-9AA5-89C4685C1DFC}.Release|Any CPU.ActiveCfg = Release|Any CPU
		{F566EFD2-B5A5-42D3-9AA5-89C4685C1DFC}.Release|Any CPU.Build.0 = Release|Any CPU
		{60FB03D5-4C63-4446-90D8-004AA983FBCA}.Debug|Any CPU.ActiveCfg = Debug|Any CPU
		{60FB03D5-4C63-4446-90D8-004AA983FBCA}.Debug|Any CPU.Build.0 = Debug|Any CPU
		{60FB03D5-4C63-4446-90D8-004AA983FBCA}.Release|Any CPU.ActiveCfg = Release|Any CPU
		{60FB03D5-4C63-4446-90D8-004AA983FBCA}.Release|Any CPU.Build.0 = Release|Any CPU
		{6265F75D-CC68-48E8-A73E-EE82AF3B98DC}.Debug|Any CPU.ActiveCfg = Debug|Any CPU
		{6265F75D-CC68-48E8-A73E-EE82AF3B98DC}.Debug|Any CPU.Build.0 = Debug|Any CPU
		{6265F75D-CC68-48E8-A73E-EE82AF3B98DC}.Release|Any CPU.ActiveCfg = Release|Any CPU
		{6265F75D-CC68-48E8-A73E-EE82AF3B98DC}.Release|Any CPU.Build.0 = Release|Any CPU
		{CBB278D8-0355-4C13-839B-38069731992E}.Debug|Any CPU.ActiveCfg = Debug|Any CPU
		{CBB278D8-0355-4C13-839B-38069731992E}.Debug|Any CPU.Build.0 = Debug|Any CPU
		{CBB278D8-0355-4C13-839B-38069731992E}.Release|Any CPU.ActiveCfg = Release|Any CPU
		{CBB278D8-0355-4C13-839B-38069731992E}.Release|Any CPU.Build.0 = Release|Any CPU
		{E11D0441-32DC-4098-8BD5-7BF6D8EC3586}.Debug|Any CPU.ActiveCfg = Debug|Any CPU
		{E11D0441-32DC-4098-8BD5-7BF6D8EC3586}.Debug|Any CPU.Build.0 = Debug|Any CPU
		{E11D0441-32DC-4098-8BD5-7BF6D8EC3586}.Release|Any CPU.ActiveCfg = Release|Any CPU
		{E11D0441-32DC-4098-8BD5-7BF6D8EC3586}.Release|Any CPU.Build.0 = Release|Any CPU
		{04DA3647-B7C8-4B23-BB77-7C0A68A1A299}.Debug|Any CPU.ActiveCfg = Debug|Any CPU
		{04DA3647-B7C8-4B23-BB77-7C0A68A1A299}.Debug|Any CPU.Build.0 = Debug|Any CPU
		{04DA3647-B7C8-4B23-BB77-7C0A68A1A299}.Release|Any CPU.ActiveCfg = Release|Any CPU
		{04DA3647-B7C8-4B23-BB77-7C0A68A1A299}.Release|Any CPU.Build.0 = Release|Any CPU
		{B6B490A0-007E-4279-8E4B-D5DA71CCAC68}.Debug|Any CPU.ActiveCfg = Debug|Any CPU
		{B6B490A0-007E-4279-8E4B-D5DA71CCAC68}.Debug|Any CPU.Build.0 = Debug|Any CPU
		{B6B490A0-007E-4279-8E4B-D5DA71CCAC68}.Release|Any CPU.ActiveCfg = Release|Any CPU
		{B6B490A0-007E-4279-8E4B-D5DA71CCAC68}.Release|Any CPU.Build.0 = Release|Any CPU
		{24BB0335-5A8C-418F-88C9-0761F3A7CAA3}.Debug|Any CPU.ActiveCfg = Debug|Any CPU
		{24BB0335-5A8C-418F-88C9-0761F3A7CAA3}.Debug|Any CPU.Build.0 = Debug|Any CPU
		{24BB0335-5A8C-418F-88C9-0761F3A7CAA3}.Release|Any CPU.ActiveCfg = Release|Any CPU
		{24BB0335-5A8C-418F-88C9-0761F3A7CAA3}.Release|Any CPU.Build.0 = Release|Any CPU
		{5329345A-C02C-4E03-BCEE-5C2FC2300B9A}.Debug|Any CPU.ActiveCfg = Debug|Any CPU
		{5329345A-C02C-4E03-BCEE-5C2FC2300B9A}.Debug|Any CPU.Build.0 = Debug|Any CPU
		{5329345A-C02C-4E03-BCEE-5C2FC2300B9A}.Release|Any CPU.ActiveCfg = Release|Any CPU
		{5329345A-C02C-4E03-BCEE-5C2FC2300B9A}.Release|Any CPU.Build.0 = Release|Any CPU
		{CD563557-D912-44BF-BE6E-0A97390950AC}.Debug|Any CPU.ActiveCfg = Debug|Any CPU
		{CD563557-D912-44BF-BE6E-0A97390950AC}.Debug|Any CPU.Build.0 = Debug|Any CPU
		{CD563557-D912-44BF-BE6E-0A97390950AC}.Release|Any CPU.ActiveCfg = Release|Any CPU
		{CD563557-D912-44BF-BE6E-0A97390950AC}.Release|Any CPU.Build.0 = Release|Any CPU
		{ADC2330C-7303-4C8C-8969-2A29BF57C10B}.Debug|Any CPU.ActiveCfg = Debug|Any CPU
		{ADC2330C-7303-4C8C-8969-2A29BF57C10B}.Debug|Any CPU.Build.0 = Debug|Any CPU
		{ADC2330C-7303-4C8C-8969-2A29BF57C10B}.Release|Any CPU.ActiveCfg = Release|Any CPU
		{ADC2330C-7303-4C8C-8969-2A29BF57C10B}.Release|Any CPU.Build.0 = Release|Any CPU
		{BB2B8873-C3FA-4AEE-87D1-2392E6DF2C28}.Debug|Any CPU.ActiveCfg = Debug|Any CPU
		{BB2B8873-C3FA-4AEE-87D1-2392E6DF2C28}.Debug|Any CPU.Build.0 = Debug|Any CPU
		{BB2B8873-C3FA-4AEE-87D1-2392E6DF2C28}.Release|Any CPU.ActiveCfg = Release|Any CPU
		{BB2B8873-C3FA-4AEE-87D1-2392E6DF2C28}.Release|Any CPU.Build.0 = Release|Any CPU
		{A2E2972C-A0C8-4288-B400-94568BCEB6A7}.Debug|Any CPU.ActiveCfg = Debug|Any CPU
		{A2E2972C-A0C8-4288-B400-94568BCEB6A7}.Debug|Any CPU.Build.0 = Debug|Any CPU
		{A2E2972C-A0C8-4288-B400-94568BCEB6A7}.Release|Any CPU.ActiveCfg = Release|Any CPU
		{A2E2972C-A0C8-4288-B400-94568BCEB6A7}.Release|Any CPU.Build.0 = Release|Any CPU
		{9648C388-FA30-406D-881E-E55A9BBA791E}.Debug|Any CPU.ActiveCfg = Debug|Any CPU
		{9648C388-FA30-406D-881E-E55A9BBA791E}.Debug|Any CPU.Build.0 = Debug|Any CPU
		{9648C388-FA30-406D-881E-E55A9BBA791E}.Release|Any CPU.ActiveCfg = Release|Any CPU
		{9648C388-FA30-406D-881E-E55A9BBA791E}.Release|Any CPU.Build.0 = Release|Any CPU
		{4E7F8069-2EB6-4898-8C1D-BD569DC48A05}.Debug|Any CPU.ActiveCfg = Debug|Any CPU
		{4E7F8069-2EB6-4898-8C1D-BD569DC48A05}.Debug|Any CPU.Build.0 = Debug|Any CPU
		{4E7F8069-2EB6-4898-8C1D-BD569DC48A05}.Release|Any CPU.ActiveCfg = Release|Any CPU
		{4E7F8069-2EB6-4898-8C1D-BD569DC48A05}.Release|Any CPU.Build.0 = Release|Any CPU
		{149D5D48-0DF2-4C30-B4B4-F0D1E7C72D81}.Debug|Any CPU.ActiveCfg = Debug|Any CPU
		{149D5D48-0DF2-4C30-B4B4-F0D1E7C72D81}.Debug|Any CPU.Build.0 = Debug|Any CPU
		{149D5D48-0DF2-4C30-B4B4-F0D1E7C72D81}.Release|Any CPU.ActiveCfg = Release|Any CPU
		{149D5D48-0DF2-4C30-B4B4-F0D1E7C72D81}.Release|Any CPU.Build.0 = Release|Any CPU
		{1AEFA507-C543-4876-A28F-64EC717DD0C7}.Debug|Any CPU.ActiveCfg = Debug|Any CPU
		{1AEFA507-C543-4876-A28F-64EC717DD0C7}.Debug|Any CPU.Build.0 = Debug|Any CPU
		{1AEFA507-C543-4876-A28F-64EC717DD0C7}.Release|Any CPU.ActiveCfg = Release|Any CPU
		{1AEFA507-C543-4876-A28F-64EC717DD0C7}.Release|Any CPU.Build.0 = Release|Any CPU
		{CC810D6B-6C57-4018-9344-70764932502B}.Debug|Any CPU.ActiveCfg = Debug|Any CPU
		{CC810D6B-6C57-4018-9344-70764932502B}.Debug|Any CPU.Build.0 = Debug|Any CPU
		{CC810D6B-6C57-4018-9344-70764932502B}.Release|Any CPU.ActiveCfg = Release|Any CPU
		{CC810D6B-6C57-4018-9344-70764932502B}.Release|Any CPU.Build.0 = Release|Any CPU
		{AEAE898E-1167-4BD8-B419-2ABDA62106B1}.Debug|Any CPU.ActiveCfg = Debug|Any CPU
		{AEAE898E-1167-4BD8-B419-2ABDA62106B1}.Debug|Any CPU.Build.0 = Debug|Any CPU
		{AEAE898E-1167-4BD8-B419-2ABDA62106B1}.Release|Any CPU.ActiveCfg = Release|Any CPU
		{AEAE898E-1167-4BD8-B419-2ABDA62106B1}.Release|Any CPU.Build.0 = Release|Any CPU
		{40351DD5-1DAD-4543-906A-EE8664CAAFE5}.Debug|Any CPU.ActiveCfg = Debug|Any CPU
		{40351DD5-1DAD-4543-906A-EE8664CAAFE5}.Debug|Any CPU.Build.0 = Debug|Any CPU
		{40351DD5-1DAD-4543-906A-EE8664CAAFE5}.Release|Any CPU.ActiveCfg = Release|Any CPU
		{40351DD5-1DAD-4543-906A-EE8664CAAFE5}.Release|Any CPU.Build.0 = Release|Any CPU
		{802AEC58-DB62-4352-99B2-1B5A7CDF9120}.Debug|Any CPU.ActiveCfg = Debug|Any CPU
		{802AEC58-DB62-4352-99B2-1B5A7CDF9120}.Debug|Any CPU.Build.0 = Debug|Any CPU
		{802AEC58-DB62-4352-99B2-1B5A7CDF9120}.Release|Any CPU.ActiveCfg = Release|Any CPU
		{802AEC58-DB62-4352-99B2-1B5A7CDF9120}.Release|Any CPU.Build.0 = Release|Any CPU
		{F10979C6-5553-4985-BF0D-EEFE23E391D2}.Debug|Any CPU.ActiveCfg = Debug|Any CPU
		{F10979C6-5553-4985-BF0D-EEFE23E391D2}.Debug|Any CPU.Build.0 = Debug|Any CPU
		{F10979C6-5553-4985-BF0D-EEFE23E391D2}.Release|Any CPU.ActiveCfg = Release|Any CPU
		{F10979C6-5553-4985-BF0D-EEFE23E391D2}.Release|Any CPU.Build.0 = Release|Any CPU
	EndGlobalSection
	GlobalSection(SolutionProperties) = preSolution
		HideSolutionNode = FALSE
	EndGlobalSection
	GlobalSection(NestedProjects) = preSolution
		{C5E0AFC7-BC71-4621-BF29-E30FA06A2BD5} = {C7F92D5C-EA9B-4E93-9179-648BAA9F9674}
		{337E92F4-FA82-4519-B488-8E73E80B56DE} = {09D2F375-F946-4051-947D-073B8117EC6C}
		{A6624BE9-0858-424B-9611-55D62BB3AC13} = {A2F90644-E6D2-4F27-A1DE-A236073045A4}
		{A886CB65-6727-4BC4-B567-9CEE0B765608} = {A2F90644-E6D2-4F27-A1DE-A236073045A4}
		{75E262A8-C3E3-4141-BECB-2599EE9CEB53} = {662D14B9-8523-41CA-ACC5-EC679B3F00D8}
		{E7B0DA8B-4396-4BD4-BA76-0A663EC1FDF8} = {D11C0CA6-1E79-4446-B3E3-FE6D682AAA69}
		{8BF51BBA-6101-4556-AE0B-7D2D911D33B7} = {D11C0CA6-1E79-4446-B3E3-FE6D682AAA69}
		{883E773A-7795-4C89-BC1B-1EB05071DFF3} = {D11C0CA6-1E79-4446-B3E3-FE6D682AAA69}
		{BEDD5D0A-28C5-4FD9-902C-8EF241F48D3B} = {C7F92D5C-EA9B-4E93-9179-648BAA9F9674}
		{F8085D51-BC3C-44A5-8BAB-232C83E51942} = {C7F92D5C-EA9B-4E93-9179-648BAA9F9674}
		{6109C726-96EA-47E3-A3B1-871DB0A4B98B} = {C7F92D5C-EA9B-4E93-9179-648BAA9F9674}
		{439FF116-E4A2-4C6D-B255-9A90F157C90F} = {9305A0CF-18DD-4DBA-960F-D5E18D2E4683}
		{436F105E-0FF9-4960-94B2-AF339C3EDDF9} = {9305A0CF-18DD-4DBA-960F-D5E18D2E4683}
		{E351724B-B1F8-4B38-B6F5-C9EEBEB1C198} = {662D14B9-8523-41CA-ACC5-EC679B3F00D8}
		{22D4E608-B818-4DB4-9C80-0E22A41C48F0} = {9305A0CF-18DD-4DBA-960F-D5E18D2E4683}
		{F566EFD2-B5A5-42D3-9AA5-89C4685C1DFC} = {9305A0CF-18DD-4DBA-960F-D5E18D2E4683}
		{60FB03D5-4C63-4446-90D8-004AA983FBCA} = {BDDD9DB7-9361-440D-A608-CADACA42211A}
		{6265F75D-CC68-48E8-A73E-EE82AF3B98DC} = {3CD3CD93-4300-4E07-A18E-F241DCBD3301}
		{CBB278D8-0355-4C13-839B-38069731992E} = {BDDD9DB7-9361-440D-A608-CADACA42211A}
		{E11D0441-32DC-4098-8BD5-7BF6D8EC3586} = {BDDD9DB7-9361-440D-A608-CADACA42211A}
		{04DA3647-B7C8-4B23-BB77-7C0A68A1A299} = {BDDD9DB7-9361-440D-A608-CADACA42211A}
		{B6B490A0-007E-4279-8E4B-D5DA71CCAC68} = {BDDD9DB7-9361-440D-A608-CADACA42211A}
		{5329345A-C02C-4E03-BCEE-5C2FC2300B9A} = {F4621C15-39A1-46EB-A903-987B74D433A4}
		{CD563557-D912-44BF-BE6E-0A97390950AC} = {F4621C15-39A1-46EB-A903-987B74D433A4}
		{ADC2330C-7303-4C8C-8969-2A29BF57C10B} = {F4621C15-39A1-46EB-A903-987B74D433A4}
		{BB2B8873-C3FA-4AEE-87D1-2392E6DF2C28} = {F4621C15-39A1-46EB-A903-987B74D433A4}
		{A2E2972C-A0C8-4288-B400-94568BCEB6A7} = {F4621C15-39A1-46EB-A903-987B74D433A4}
		{9648C388-FA30-406D-881E-E55A9BBA791E} = {3CD3CD93-4300-4E07-A18E-F241DCBD3301}
		{4E7F8069-2EB6-4898-8C1D-BD569DC48A05} = {3CD3CD93-4300-4E07-A18E-F241DCBD3301}
		{3A8CF361-DB5F-48AD-A127-F42DD3EF2D32} = {3CD3CD93-4300-4E07-A18E-F241DCBD3301}
		{149D5D48-0DF2-4C30-B4B4-F0D1E7C72D81} = {3A8CF361-DB5F-48AD-A127-F42DD3EF2D32}
		{1AEFA507-C543-4876-A28F-64EC717DD0C7} = {F4621C15-39A1-46EB-A903-987B74D433A4}
		{CC810D6B-6C57-4018-9344-70764932502B} = {F4621C15-39A1-46EB-A903-987B74D433A4}
		{AEAE898E-1167-4BD8-B419-2ABDA62106B1} = {7BFD843F-28CE-4FAB-A9D3-B53F8756F430}
		{40351DD5-1DAD-4543-906A-EE8664CAAFE5} = {3CD3CD93-4300-4E07-A18E-F241DCBD3301}
	EndGlobalSection
	GlobalSection(ExtensibilityGlobals) = postSolution
		SolutionGuid = {D39CA4CD-6479-4A26-A192-322B489288E3}
	EndGlobalSection
EndGlobal
